
Microsoft Visual Studio Solution File, Format Version 12.00
# Visual Studio 15
VisualStudioVersion = 15.0.27703.2035
MinimumVisualStudioVersion = 10.0.40219.1
Project("{FAE04EC0-301F-11D3-BF4B-00C04F79EFBC}") = "OddNums", "OddNums\OddNums.csproj", "{8AE1D1D5-F1A4-41D2-A022-0AAD2ABE95CD}"
EndProject
Global
	GlobalSection(SolutionConfigurationPlatforms) = preSolution
		Debug|Any CPU = Debug|Any CPU
		Release|Any CPU = Release|Any CPU
	EndGlobalSection
	GlobalSection(ProjectConfigurationPlatforms) = postSolution
		{8AE1D1D5-F1A4-41D2-A022-0AAD2ABE95CD}.Debug|Any CPU.ActiveCfg = Debug|Any CPU
		{8AE1D1D5-F1A4-41D2-A022-0AAD2ABE95CD}.Debug|Any CPU.Build.0 = Debug|Any CPU
		{8AE1D1D5-F1A4-41D2-A022-0AAD2ABE95CD}.Release|Any CPU.ActiveCfg = Release|Any CPU
		{8AE1D1D5-F1A4-41D2-A022-0AAD2ABE95CD}.Release|Any CPU.Build.0 = Release|Any CPU
	EndGlobalSection
	GlobalSection(SolutionProperties) = preSolution
		HideSolutionNode = FALSE
	EndGlobalSection
	GlobalSection(ExtensibilityGlobals) = postSolution
		SolutionGuid = {5E394A78-907F-435E-AE83-B60A773F2F80}
	EndGlobalSection
EndGlobal
